
Microsoft Visual Studio Solution File, Format Version 12.00
# Visual Studio 15
VisualStudioVersion = 15.0.28307.1259
MinimumVisualStudioVersion = 10.0.40219.1
Project("{9A19103F-16F7-4668-BE54-9A1E7A4F7556}") = "TiledSharp", "..\TiledSharp\TiledSharp.csproj", "{7AAA584A-136D-45D8-A2A5-F5BBD991DBA7}"
EndProject
Project("{FAE04EC0-301F-11D3-BF4B-00C04F79EFBC}") = "testing", "testing\testing.csproj", "{361E38F3-0F64-4216-A4E1-FE182CA8C3A9}"
EndProject
Project("{FAE04EC0-301F-11D3-BF4B-00C04F79EFBC}") = "XMLData", "XMLData\XMLData.csproj", "{1CCD2671-760C-4A14-B1E1-CC3EA35431A2}"
EndProject
Global
	GlobalSection(SolutionConfigurationPlatforms) = preSolution
		Debug|Any CPU = Debug|Any CPU
		Debug|x86 = Debug|x86
		Release|Any CPU = Release|Any CPU
		Release|x86 = Release|x86
	EndGlobalSection
	GlobalSection(ProjectConfigurationPlatforms) = postSolution
		{7AAA584A-136D-45D8-A2A5-F5BBD991DBA7}.Debug|Any CPU.ActiveCfg = Debug|Any CPU
		{7AAA584A-136D-45D8-A2A5-F5BBD991DBA7}.Debug|Any CPU.Build.0 = Debug|Any CPU
		{7AAA584A-136D-45D8-A2A5-F5BBD991DBA7}.Debug|x86.ActiveCfg = Debug|Any CPU
		{7AAA584A-136D-45D8-A2A5-F5BBD991DBA7}.Debug|x86.Build.0 = Debug|Any CPU
		{7AAA584A-136D-45D8-A2A5-F5BBD991DBA7}.Release|Any CPU.ActiveCfg = Release|Any CPU
		{7AAA584A-136D-45D8-A2A5-F5BBD991DBA7}.Release|Any CPU.Build.0 = Release|Any CPU
		{7AAA584A-136D-45D8-A2A5-F5BBD991DBA7}.Release|x86.ActiveCfg = Release|Any CPU
		{7AAA584A-136D-45D8-A2A5-F5BBD991DBA7}.Release|x86.Build.0 = Release|Any CPU
		{361E38F3-0F64-4216-A4E1-FE182CA8C3A9}.Debug|Any CPU.ActiveCfg = Debug|x86
		{361E38F3-0F64-4216-A4E1-FE182CA8C3A9}.Debug|x86.ActiveCfg = Debug|x86
		{361E38F3-0F64-4216-A4E1-FE182CA8C3A9}.Debug|x86.Build.0 = Debug|x86
		{361E38F3-0F64-4216-A4E1-FE182CA8C3A9}.Release|Any CPU.ActiveCfg = Release|x86
		{361E38F3-0F64-4216-A4E1-FE182CA8C3A9}.Release|x86.ActiveCfg = Release|x86
		{361E38F3-0F64-4216-A4E1-FE182CA8C3A9}.Release|x86.Build.0 = Release|x86
		{1CCD2671-760C-4A14-B1E1-CC3EA35431A2}.Debug|Any CPU.ActiveCfg = Debug|Any CPU
		{1CCD2671-760C-4A14-B1E1-CC3EA35431A2}.Debug|Any CPU.Build.0 = Debug|Any CPU
		{1CCD2671-760C-4A14-B1E1-CC3EA35431A2}.Debug|x86.ActiveCfg = Debug|Any CPU
		{1CCD2671-760C-4A14-B1E1-CC3EA35431A2}.Debug|x86.Build.0 = Debug|Any CPU
		{1CCD2671-760C-4A14-B1E1-CC3EA35431A2}.Release|Any CPU.ActiveCfg = Release|Any CPU
		{1CCD2671-760C-4A14-B1E1-CC3EA35431A2}.Release|Any CPU.Build.0 = Release|Any CPU
		{1CCD2671-760C-4A14-B1E1-CC3EA35431A2}.Release|x86.ActiveCfg = Release|Any CPU
		{1CCD2671-760C-4A14-B1E1-CC3EA35431A2}.Release|x86.Build.0 = Release|Any CPU
	EndGlobalSection
	GlobalSection(SolutionProperties) = preSolution
		HideSolutionNode = FALSE
	EndGlobalSection
	GlobalSection(ExtensibilityGlobals) = postSolution
		SolutionGuid = {3EF51FB3-68FD-4D9A-AF3B-D32898104A70}
	EndGlobalSection
EndGlobal
