
Microsoft Visual Studio Solution File, Format Version 12.00
# Visual Studio 15
VisualStudioVersion = 15.0.28307.1259
MinimumVisualStudioVersion = 10.0.40219.1
Project("{FAE04EC0-301F-11D3-BF4B-00C04F79EFBC}") = "game_project", "game_project\game_project.csproj", "{BB558F45-956D-4154-A726-156C919CADC6}"
EndProject
Global
	GlobalSection(SolutionConfigurationPlatforms) = preSolution
		Debug|x86 = Debug|x86
		Release|x86 = Release|x86
	EndGlobalSection
	GlobalSection(ProjectConfigurationPlatforms) = postSolution
		{BB558F45-956D-4154-A726-156C919CADC6}.Debug|x86.ActiveCfg = Debug|x86
		{BB558F45-956D-4154-A726-156C919CADC6}.Debug|x86.Build.0 = Debug|x86
		{BB558F45-956D-4154-A726-156C919CADC6}.Release|x86.ActiveCfg = Release|x86
		{BB558F45-956D-4154-A726-156C919CADC6}.Release|x86.Build.0 = Release|x86
	EndGlobalSection
	GlobalSection(SolutionProperties) = preSolution
		HideSolutionNode = FALSE
	EndGlobalSection
	GlobalSection(ExtensibilityGlobals) = postSolution
		SolutionGuid = {F06557EE-A91F-46D9-A211-4615548726CD}
	EndGlobalSection
EndGlobal
